
Microsoft Visual Studio Solution File, Format Version 12.00
# Visual Studio Version 17
VisualStudioVersion = 17.0.31903.59
MinimumVisualStudioVersion = 10.0.40219.1
Project("{FAE04EC0-301F-11D3-BF4B-00C04F79EFBC}") = "IceCodeTest", "IceCodeTest\IceCodeTest.csproj", "{EACEC675-52AE-4103-BE92-D14F00535501}"
EndProject
Project("{FAE04EC0-301F-11D3-BF4B-00C04F79EFBC}") = "TestIceCodeTest", "TestIceCodeTest\TestIceCodeTest.csproj", "{D267525F-D2B9-4DF9-84FF-A33F2B77679B}"
EndProject
Global
	GlobalSection(SolutionConfigurationPlatforms) = preSolution
		Debug|Any CPU = Debug|Any CPU
		Release|Any CPU = Release|Any CPU
	EndGlobalSection
	GlobalSection(SolutionProperties) = preSolution
		HideSolutionNode = FALSE
	EndGlobalSection
	GlobalSection(ProjectConfigurationPlatforms) = postSolution
		{EACEC675-52AE-4103-BE92-D14F00535501}.Debug|Any CPU.ActiveCfg = Debug|Any CPU
		{EACEC675-52AE-4103-BE92-D14F00535501}.Debug|Any CPU.Build.0 = Debug|Any CPU
		{EACEC675-52AE-4103-BE92-D14F00535501}.Release|Any CPU.ActiveCfg = Release|Any CPU
		{EACEC675-52AE-4103-BE92-D14F00535501}.Release|Any CPU.Build.0 = Release|Any CPU
		{D267525F-D2B9-4DF9-84FF-A33F2B77679B}.Debug|Any CPU.ActiveCfg = Debug|Any CPU
		{D267525F-D2B9-4DF9-84FF-A33F2B77679B}.Debug|Any CPU.Build.0 = Debug|Any CPU
		{D267525F-D2B9-4DF9-84FF-A33F2B77679B}.Release|Any CPU.ActiveCfg = Release|Any CPU
		{D267525F-D2B9-4DF9-84FF-A33F2B77679B}.Release|Any CPU.Build.0 = Release|Any CPU
	EndGlobalSection
EndGlobal
